
Microsoft Visual Studio Solution File, Format Version 12.00
# Visual Studio Version 16
VisualStudioVersion = 16.0.30621.155
MinimumVisualStudioVersion = 10.0.40219.1
Project("{FAE04EC0-301F-11D3-BF4B-00C04F79EFBC}") = "CarRental", "CarRental\CarRental.csproj", "{00081EF6-C189-4E5A-BC97-6F6A6017BEEE}"
EndProject
Global
	GlobalSection(SolutionConfigurationPlatforms) = preSolution
		Debug|Any CPU = Debug|Any CPU
		Release|Any CPU = Release|Any CPU
	EndGlobalSection
	GlobalSection(ProjectConfigurationPlatforms) = postSolution
		{00081EF6-C189-4E5A-BC97-6F6A6017BEEE}.Debug|Any CPU.ActiveCfg = Debug|Any CPU
		{00081EF6-C189-4E5A-BC97-6F6A6017BEEE}.Debug|Any CPU.Build.0 = Debug|Any CPU
		{00081EF6-C189-4E5A-BC97-6F6A6017BEEE}.Release|Any CPU.ActiveCfg = Release|Any CPU
		{00081EF6-C189-4E5A-BC97-6F6A6017BEEE}.Release|Any CPU.Build.0 = Release|Any CPU
	EndGlobalSection
	GlobalSection(SolutionProperties) = preSolution
		HideSolutionNode = FALSE
	EndGlobalSection
	GlobalSection(ExtensibilityGlobals) = postSolution
		SolutionGuid = {3F9D6933-3EB1-49AF-81C5-7D8C7517198B}
	EndGlobalSection
EndGlobal
